
Microsoft Visual Studio Solution File, Format Version 12.00
# Visual Studio 14
VisualStudioVersion = 14.0.25420.1
MinimumVisualStudioVersion = 10.0.40219.1
Project("{FAE04EC0-301F-11D3-BF4B-00C04F79EFBC}") = "EventImplementation", "EventImplementation\EventImplementation.csproj", "{AEC3B15D-089C-4ECA-A4AA-EBF2584CABF2}"
EndProject
Project("{FAE04EC0-301F-11D3-BF4B-00C04F79EFBC}") = "KingsGambit", "KingsGambit\KingsGambit.csproj", "{A3DF8D3C-7A14-424E-B273-51E803AC87C0}"
EndProject
Project("{FAE04EC0-301F-11D3-BF4B-00C04F79EFBC}") = "DependencyInversion", "DependencyInversion\DependencyInversion.csproj", "{AC2C1E32-B544-4BA1-8A24-98DCF35338F9}"
EndProject
Project("{FAE04EC0-301F-11D3-BF4B-00C04F79EFBC}") = "WorkForce", "WorkForce\WorkForce.csproj", "{01203BEA-69B2-481A-B5F2-A244F60D3C05}"
EndProject
Global
	GlobalSection(SolutionConfigurationPlatforms) = preSolution
		Debug|Any CPU = Debug|Any CPU
		Release|Any CPU = Release|Any CPU
	EndGlobalSection
	GlobalSection(ProjectConfigurationPlatforms) = postSolution
		{AEC3B15D-089C-4ECA-A4AA-EBF2584CABF2}.Debug|Any CPU.ActiveCfg = Debug|Any CPU
		{AEC3B15D-089C-4ECA-A4AA-EBF2584CABF2}.Debug|Any CPU.Build.0 = Debug|Any CPU
		{AEC3B15D-089C-4ECA-A4AA-EBF2584CABF2}.Release|Any CPU.ActiveCfg = Release|Any CPU
		{AEC3B15D-089C-4ECA-A4AA-EBF2584CABF2}.Release|Any CPU.Build.0 = Release|Any CPU
		{A3DF8D3C-7A14-424E-B273-51E803AC87C0}.Debug|Any CPU.ActiveCfg = Debug|Any CPU
		{A3DF8D3C-7A14-424E-B273-51E803AC87C0}.Debug|Any CPU.Build.0 = Debug|Any CPU
		{A3DF8D3C-7A14-424E-B273-51E803AC87C0}.Release|Any CPU.ActiveCfg = Release|Any CPU
		{A3DF8D3C-7A14-424E-B273-51E803AC87C0}.Release|Any CPU.Build.0 = Release|Any CPU
		{AC2C1E32-B544-4BA1-8A24-98DCF35338F9}.Debug|Any CPU.ActiveCfg = Debug|Any CPU
		{AC2C1E32-B544-4BA1-8A24-98DCF35338F9}.Debug|Any CPU.Build.0 = Debug|Any CPU
		{AC2C1E32-B544-4BA1-8A24-98DCF35338F9}.Release|Any CPU.ActiveCfg = Release|Any CPU
		{AC2C1E32-B544-4BA1-8A24-98DCF35338F9}.Release|Any CPU.Build.0 = Release|Any CPU
		{01203BEA-69B2-481A-B5F2-A244F60D3C05}.Debug|Any CPU.ActiveCfg = Debug|Any CPU
		{01203BEA-69B2-481A-B5F2-A244F60D3C05}.Debug|Any CPU.Build.0 = Debug|Any CPU
		{01203BEA-69B2-481A-B5F2-A244F60D3C05}.Release|Any CPU.ActiveCfg = Release|Any CPU
		{01203BEA-69B2-481A-B5F2-A244F60D3C05}.Release|Any CPU.Build.0 = Release|Any CPU
	EndGlobalSection
	GlobalSection(SolutionProperties) = preSolution
		HideSolutionNode = FALSE
	EndGlobalSection
EndGlobal
