
Microsoft Visual Studio Solution File, Format Version 12.00
# Visual Studio 15
VisualStudioVersion = 15.0.26730.16
MinimumVisualStudioVersion = 10.0.40219.1
Project("{FAE04EC0-301F-11D3-BF4B-00C04F79EFBC}") = "NeedForSpeed", "NeedForSpeed\NeedForSpeed.csproj", "{045E98B3-04DD-401A-BB9E-FD18AFE610E6}"
EndProject
Global
	GlobalSection(SolutionConfigurationPlatforms) = preSolution
		Debug|Any CPU = Debug|Any CPU
		Release|Any CPU = Release|Any CPU
	EndGlobalSection
	GlobalSection(ProjectConfigurationPlatforms) = postSolution
		{045E98B3-04DD-401A-BB9E-FD18AFE610E6}.Debug|Any CPU.ActiveCfg = Debug|Any CPU
		{045E98B3-04DD-401A-BB9E-FD18AFE610E6}.Debug|Any CPU.Build.0 = Debug|Any CPU
		{045E98B3-04DD-401A-BB9E-FD18AFE610E6}.Release|Any CPU.ActiveCfg = Release|Any CPU
		{045E98B3-04DD-401A-BB9E-FD18AFE610E6}.Release|Any CPU.Build.0 = Release|Any CPU
	EndGlobalSection
	GlobalSection(SolutionProperties) = preSolution
		HideSolutionNode = FALSE
	EndGlobalSection
	GlobalSection(ExtensibilityGlobals) = postSolution
		SolutionGuid = {F81652AC-0290-4B58-819D-3175168EC39C}
	EndGlobalSection
EndGlobal
