
Microsoft Visual Studio Solution File, Format Version 12.00
# Visual Studio 14
VisualStudioVersion = 14.0.25420.1
MinimumVisualStudioVersion = 10.0.40219.1
Project("{FAE04EC0-301F-11D3-BF4B-00C04F79EFBC}") = "AshesOfRoses", "AshesOfRoses\AshesOfRoses.csproj", "{E0E781B4-0674-49E3-BB0A-CD1D5DD33608}"
EndProject
Project("{FAE04EC0-301F-11D3-BF4B-00C04F79EFBC}") = "NMS", "NMS\NMS.csproj", "{C0594BB8-72A4-40C7-9F7C-F09C87D8FAA4}"
EndProject
Project("{FAE04EC0-301F-11D3-BF4B-00C04F79EFBC}") = "SecondNature", "SecondNature\SecondNature.csproj", "{B81B4341-EB93-44EC-884D-8722A0033A6C}"
EndProject
Project("{FAE04EC0-301F-11D3-BF4B-00C04F79EFBC}") = "NatureProphet", "NatureProphet\NatureProphet.csproj", "{B535CA0A-763A-4C86-A04C-183902E1B8BC}"
EndProject
Global
	GlobalSection(SolutionConfigurationPlatforms) = preSolution
		Debug|Any CPU = Debug|Any CPU
		Release|Any CPU = Release|Any CPU
	EndGlobalSection
	GlobalSection(ProjectConfigurationPlatforms) = postSolution
		{E0E781B4-0674-49E3-BB0A-CD1D5DD33608}.Debug|Any CPU.ActiveCfg = Debug|Any CPU
		{E0E781B4-0674-49E3-BB0A-CD1D5DD33608}.Debug|Any CPU.Build.0 = Debug|Any CPU
		{E0E781B4-0674-49E3-BB0A-CD1D5DD33608}.Release|Any CPU.ActiveCfg = Release|Any CPU
		{E0E781B4-0674-49E3-BB0A-CD1D5DD33608}.Release|Any CPU.Build.0 = Release|Any CPU
		{C0594BB8-72A4-40C7-9F7C-F09C87D8FAA4}.Debug|Any CPU.ActiveCfg = Debug|Any CPU
		{C0594BB8-72A4-40C7-9F7C-F09C87D8FAA4}.Debug|Any CPU.Build.0 = Debug|Any CPU
		{C0594BB8-72A4-40C7-9F7C-F09C87D8FAA4}.Release|Any CPU.ActiveCfg = Release|Any CPU
		{C0594BB8-72A4-40C7-9F7C-F09C87D8FAA4}.Release|Any CPU.Build.0 = Release|Any CPU
		{B81B4341-EB93-44EC-884D-8722A0033A6C}.Debug|Any CPU.ActiveCfg = Debug|Any CPU
		{B81B4341-EB93-44EC-884D-8722A0033A6C}.Debug|Any CPU.Build.0 = Debug|Any CPU
		{B81B4341-EB93-44EC-884D-8722A0033A6C}.Release|Any CPU.ActiveCfg = Release|Any CPU
		{B81B4341-EB93-44EC-884D-8722A0033A6C}.Release|Any CPU.Build.0 = Release|Any CPU
		{B535CA0A-763A-4C86-A04C-183902E1B8BC}.Debug|Any CPU.ActiveCfg = Debug|Any CPU
		{B535CA0A-763A-4C86-A04C-183902E1B8BC}.Debug|Any CPU.Build.0 = Debug|Any CPU
		{B535CA0A-763A-4C86-A04C-183902E1B8BC}.Release|Any CPU.ActiveCfg = Release|Any CPU
		{B535CA0A-763A-4C86-A04C-183902E1B8BC}.Release|Any CPU.Build.0 = Release|Any CPU
	EndGlobalSection
	GlobalSection(SolutionProperties) = preSolution
		HideSolutionNode = FALSE
	EndGlobalSection
EndGlobal
