
Microsoft Visual Studio Solution File, Format Version 12.00
# Visual Studio 15
VisualStudioVersion = 15.0.26730.10
MinimumVisualStudioVersion = 10.0.40219.1
Project("{FAE04EC0-301F-11D3-BF4B-00C04F79EFBC}") = "GreedyTimes", "GreedyTimes\GreedyTimes.csproj", "{3F500E5E-5F64-423C-8B6C-004F07F2ED32}"
EndProject
Global
	GlobalSection(SolutionConfigurationPlatforms) = preSolution
		Debug|Any CPU = Debug|Any CPU
		Release|Any CPU = Release|Any CPU
	EndGlobalSection
	GlobalSection(ProjectConfigurationPlatforms) = postSolution
		{3F500E5E-5F64-423C-8B6C-004F07F2ED32}.Debug|Any CPU.ActiveCfg = Debug|Any CPU
		{3F500E5E-5F64-423C-8B6C-004F07F2ED32}.Debug|Any CPU.Build.0 = Debug|Any CPU
		{3F500E5E-5F64-423C-8B6C-004F07F2ED32}.Release|Any CPU.ActiveCfg = Release|Any CPU
		{3F500E5E-5F64-423C-8B6C-004F07F2ED32}.Release|Any CPU.Build.0 = Release|Any CPU
	EndGlobalSection
	GlobalSection(SolutionProperties) = preSolution
		HideSolutionNode = FALSE
	EndGlobalSection
	GlobalSection(ExtensibilityGlobals) = postSolution
		SolutionGuid = {78264FF7-BFD2-4DD2-A964-CFD2873F13E6}
	EndGlobalSection
EndGlobal
